
Microsoft Visual Studio Solution File, Format Version 12.00
# Visual Studio Version 16
VisualStudioVersion = 16.0.33130.400
MinimumVisualStudioVersion = 10.0.40219.1
Project("{FAE04EC0-301F-11D3-BF4B-00C04F79EFBC}") = "Ticket_booking_API", "Ticket_booking_API\Ticket_booking_API.csproj", "{FA52E685-2166-473C-B81C-F7A7D4467C96}"
EndProject
Global
	GlobalSection(SolutionConfigurationPlatforms) = preSolution
		Debug|Any CPU = Debug|Any CPU
		Release|Any CPU = Release|Any CPU
	EndGlobalSection
	GlobalSection(ProjectConfigurationPlatforms) = postSolution
		{FA52E685-2166-473C-B81C-F7A7D4467C96}.Debug|Any CPU.ActiveCfg = Debug|Any CPU
		{FA52E685-2166-473C-B81C-F7A7D4467C96}.Debug|Any CPU.Build.0 = Debug|Any CPU
		{FA52E685-2166-473C-B81C-F7A7D4467C96}.Release|Any CPU.ActiveCfg = Release|Any CPU
		{FA52E685-2166-473C-B81C-F7A7D4467C96}.Release|Any CPU.Build.0 = Release|Any CPU
	EndGlobalSection
	GlobalSection(SolutionProperties) = preSolution
		HideSolutionNode = FALSE
	EndGlobalSection
	GlobalSection(ExtensibilityGlobals) = postSolution
		SolutionGuid = {550334BD-6078-4558-ABF7-1B070B5FA0A4}
	EndGlobalSection
EndGlobal
